
Microsoft Visual Studio Solution File, Format Version 12.00
# Visual Studio Version 17
VisualStudioVersion = 17.14.36221.1 d17.14
MinimumVisualStudioVersion = 10.0.40219.1
Project("{8BC9CEB8-8B4A-11D0-8D11-00A0C91BC942}") = "SocketProducer", "SocketProducer\SocketProducer.vcxproj", "{5CD64E14-AFF0-47C0-B92C-FB5EF1F90925}"
EndProject
Project("{8BC9CEB8-8B4A-11D0-8D11-00A0C91BC942}") = "SocketConsumer", "SocketConsumer\SocketConsumer.vcxproj", "{5D1B97F7-8E0B-4D1B-B44F-09137D8F7A3C}"
EndProject
Global
	GlobalSection(SolutionConfigurationPlatforms) = preSolution
		Debug|x64 = Debug|x64
		Debug|x86 = Debug|x86
		Release|x64 = Release|x64
		Release|x86 = Release|x86
	EndGlobalSection
	GlobalSection(ProjectConfigurationPlatforms) = postSolution
		{5CD64E14-AFF0-47C0-B92C-FB5EF1F90925}.Debug|x64.ActiveCfg = Debug|x64
		{5CD64E14-AFF0-47C0-B92C-FB5EF1F90925}.Debug|x64.Build.0 = Debug|x64
		{5CD64E14-AFF0-47C0-B92C-FB5EF1F90925}.Debug|x86.ActiveCfg = Debug|Win32
		{5CD64E14-AFF0-47C0-B92C-FB5EF1F90925}.Debug|x86.Build.0 = Debug|Win32
		{5CD64E14-AFF0-47C0-B92C-FB5EF1F90925}.Release|x64.ActiveCfg = Release|x64
		{5CD64E14-AFF0-47C0-B92C-FB5EF1F90925}.Release|x64.Build.0 = Release|x64
		{5CD64E14-AFF0-47C0-B92C-FB5EF1F90925}.Release|x86.ActiveCfg = Release|Win32
		{5CD64E14-AFF0-47C0-B92C-FB5EF1F90925}.Release|x86.Build.0 = Release|Win32
		{5D1B97F7-8E0B-4D1B-B44F-09137D8F7A3C}.Debug|x64.ActiveCfg = Debug|x64
		{5D1B97F7-8E0B-4D1B-B44F-09137D8F7A3C}.Debug|x64.Build.0 = Debug|x64
		{5D1B97F7-8E0B-4D1B-B44F-09137D8F7A3C}.Debug|x86.ActiveCfg = Debug|Win32
		{5D1B97F7-8E0B-4D1B-B44F-09137D8F7A3C}.Debug|x86.Build.0 = Debug|Win32
		{5D1B97F7-8E0B-4D1B-B44F-09137D8F7A3C}.Release|x64.ActiveCfg = Release|x64
		{5D1B97F7-8E0B-4D1B-B44F-09137D8F7A3C}.Release|x64.Build.0 = Release|x64
		{5D1B97F7-8E0B-4D1B-B44F-09137D8F7A3C}.Release|x86.ActiveCfg = Release|Win32
		{5D1B97F7-8E0B-4D1B-B44F-09137D8F7A3C}.Release|x86.Build.0 = Release|Win32
	EndGlobalSection
	GlobalSection(SolutionProperties) = preSolution
		HideSolutionNode = FALSE
	EndGlobalSection
	GlobalSection(ExtensibilityGlobals) = postSolution
		SolutionGuid = {A9AFE422-4154-406E-8699-4A0E2E9DCDD1}
	EndGlobalSection
EndGlobal
